// !$*UTF8*$!
{
	archiveVersion = 1;
	classes = {
	};
	objectVersion = 50;
	objects = {

/* Begin PBXBuildFile section */
		A5EB6CF2264AB3AE002DE7AE /* TestWeatherApp.swift in Sources */ = {isa = PBXBuildFile; fileRef = A5EB6CF1264AB3AE002DE7AE /* TestWeatherApp.swift */; };
		A5EB6CF4264AB3AE002DE7AE /* ContentView.swift in Sources */ = {isa = PBXBuildFile; fileRef = A5EB6CF3264AB3AE002DE7AE /* ContentView.swift */; };
		A5EB6CF6264AB3B1002DE7AE /* Assets.xcassets in Resources */ = {isa = PBXBuildFile; fileRef = A5EB6CF5264AB3B1002DE7AE /* Assets.xcassets */; };
		A5EB6CF9264AB3B1002DE7AE /* Preview Assets.xcassets in Resources */ = {isa = PBXBuildFile; fileRef = A5EB6CF8264AB3B1002DE7AE /* Preview Assets.xcassets */; };
		A5EB6D04264AB3B1002DE7AE /* TestWeatherTests.swift in Sources */ = {isa = PBXBuildFile; fileRef = A5EB6D03264AB3B1002DE7AE /* TestWeatherTests.swift */; };
		A5EB6D0F264AB3B1002DE7AE /* TestWeatherUITests.swift in Sources */ = {isa = PBXBuildFile; fileRef = A5EB6D0E264AB3B1002DE7AE /* TestWeatherUITests.swift */; };
/* End PBXBuildFile section */

/* Begin PBXContainerItemProxy section */
		A5EB6D00264AB3B1002DE7AE /* PBXContainerItemProxy */ = {
			isa = PBXContainerItemProxy;
			containerPortal = A5EB6CE6264AB3AE002DE7AE /* Project object */;
			proxyType = 1;
			remoteGlobalIDString = A5EB6CED264AB3AE002DE7AE;
			remoteInfo = TestWeather;
		};
		A5EB6D0B264AB3B1002DE7AE /* PBXContainerItemProxy */ = {
			isa = PBXContainerItemProxy;
			containerPortal = A5EB6CE6264AB3AE002DE7AE /* Project object */;
			proxyType = 1;
			remoteGlobalIDString = A5EB6CED264AB3AE002DE7AE;
			remoteInfo = TestWeather;
		};
/* End PBXContainerItemProxy section */

/* Begin PBXFileReference section */
		A5EB6CEE264AB3AE002DE7AE /* TestWeather.app */ = {isa = PBXFileReference; explicitFileType = wrapper.application; includeInIndex = 0; path = TestWeather.app; sourceTree = BUILT_PRODUCTS_DIR; };
		A5EB6CF1264AB3AE002DE7AE /* TestWeatherApp.swift */ = {isa = PBXFileReference; lastKnownFileType = sourcecode.swift; path = TestWeatherApp.swift; sourceTree = "<group>"; };
		A5EB6CF3264AB3AE002DE7AE /* ContentView.swift */ = {isa = PBXFileReference; lastKnownFileType = sourcecode.swift; path = ContentView.swift; sourceTree = "<group>"; };
		A5EB6CF5264AB3B1002DE7AE /* Assets.xcassets */ = {isa = PBXFileReference; lastKnownFileType = folder.assetcatalog; path = Assets.xcassets; sourceTree = "<group>"; };
		A5EB6CF8264AB3B1002DE7AE /* Preview Assets.xcassets */ = {isa = PBXFileReference; lastKnownFileType = folder.assetcatalog; path = "Preview Assets.xcassets"; sourceTree = "<group>"; };
		A5EB6CFA264AB3B1002DE7AE /* Info.plist */ = {isa = PBXFileReference; lastKnownFileType = text.plist.xml; path = Info.plist; sourceTree = "<group>"; };
		A5EB6CFF264AB3B1002DE7AE /* TestWeatherTests.xctest */ = {isa = PBXFileReference; explicitFileType = wrapper.cfbundle; includeInIndex = 0; path = TestWeatherTests.xctest; sourceTree = BUILT_PRODUCTS_DIR; };
		A5EB6D03264AB3B1002DE7AE /* TestWeatherTests.swift */ = {isa = PBXFileReference; lastKnownFileType = sourcecode.swift; path = TestWeatherTests.swift; sourceTree = "<group>"; };
		A5EB6D05264AB3B1002DE7AE /* Info.plist */ = {isa = PBXFileReference; lastKnownFileType = text.plist.xml; path = Info.plist; sourceTree = "<group>"; };
		A5EB6D0A264AB3B1002DE7AE /* TestWeatherUITests.xctest */ = {isa = PBXFileReference; explicitFileType = wrapper.cfbundle; includeInIndex = 0; path = TestWeatherUITests.xctest; sourceTree = BUILT_PRODUCTS_DIR; };
		A5EB6D0E264AB3B1002DE7AE /* TestWeatherUITests.swift */ = {isa = PBXFileReference; lastKnownFileType = sourcecode.swift; path = TestWeatherUITests.swift; sourceTree = "<group>"; };
		A5EB6D10264AB3B1002DE7AE /* Info.plist */ = {isa = PBXFileReference; lastKnownFileType = text.plist.xml; path = Info.plist; sourceTree = "<group>"; };
/* End PBXFileReference section */

/* Begin PBXFrameworksBuildPhase section */
		A5EB6CEB264AB3AE002DE7AE /* Frameworks */ = {
			isa = PBXFrameworksBuildPhase;
			buildActionMask = 2147483647;
			files = (
			);
			runOnlyForDeploymentPostprocessing = 0;
		};
		A5EB6CFC264AB3B1002DE7AE /* Frameworks */ = {
			isa = PBXFrameworksBuildPhase;
			buildActionMask = 2147483647;
			files = (
			);
			runOnlyForDeploymentPostprocessing = 0;
		};
		A5EB6D07264AB3B1002DE7AE /* Frameworks */ = {
			isa = PBXFrameworksBuildPhase;
			buildActionMask = 2147483647;
			files = (
			);
			runOnlyForDeploymentPostprocessing = 0;
		};
/* End PBXFrameworksBuildPhase section */

/* Begin PBXGroup section */
		A5EB6CE5264AB3AE002DE7AE = {
			isa = PBXGroup;
			children = (
				A5EB6CF0264AB3AE002DE7AE /* TestWeather */,
				A5EB6D02264AB3B1002DE7AE /* TestWeatherTests */,
				A5EB6D0D264AB3B1002DE7AE /* TestWeatherUITests */,
				A5EB6CEF264AB3AE002DE7AE /* Products */,
			);
			sourceTree = "<group>";
		};
		A5EB6CEF264AB3AE002DE7AE /* Products */ = {
			isa = PBXGroup;
			children = (
				A5EB6CEE264AB3AE002DE7AE /* TestWeather.app */,
				A5EB6CFF264AB3B1002DE7AE /* TestWeatherTests.xctest */,
				A5EB6D0A264AB3B1002DE7AE /* TestWeatherUITests.xctest */,
			);
			name = Products;
			sourceTree = "<group>";
		};
		A5EB6CF0264AB3AE002DE7AE /* TestWeather */ = {
			isa = PBXGroup;
			children = (
				A5EB6CF1264AB3AE002DE7AE /* TestWeatherApp.swift */,
				A5EB6CF3264AB3AE002DE7AE /* ContentView.swift */,
				A5EB6CF5264AB3B1002DE7AE /* Assets.xcassets */,
				A5EB6CFA264AB3B1002DE7AE /* Info.plist */,
				A5EB6CF7264AB3B1002DE7AE /* Preview Content */,
			);
			path = TestWeather;
			sourceTree = "<group>";
		};
		A5EB6CF7264AB3B1002DE7AE /* Preview Content */ = {
			isa = PBXGroup;
			children = (
				A5EB6CF8264AB3B1002DE7AE /* Preview Assets.xcassets */,
			);
			path = "Preview Content";
			sourceTree = "<group>";
		};
		A5EB6D02264AB3B1002DE7AE /* TestWeatherTests */ = {
			isa = PBXGroup;
			children = (
				A5EB6D03264AB3B1002DE7AE /* TestWeatherTests.swift */,
				A5EB6D05264AB3B1002DE7AE /* Info.plist */,
			);
			path = TestWeatherTests;
			sourceTree = "<group>";
		};
		A5EB6D0D264AB3B1002DE7AE /* TestWeatherUITests */ = {
			isa = PBXGroup;
			children = (
				A5EB6D0E264AB3B1002DE7AE /* TestWeatherUITests.swift */,
				A5EB6D10264AB3B1002DE7AE /* Info.plist */,
			);
			path = TestWeatherUITests;
			sourceTree = "<group>";
		};
/* End PBXGroup section */

/* Begin PBXNativeTarget section */
		A5EB6CED264AB3AE002DE7AE /* TestWeather */ = {
			isa = PBXNativeTarget;
			buildConfigurationList = A5EB6D13264AB3B1002DE7AE /* Build configuration list for PBXNativeTarget "TestWeather" */;
			buildPhases = (
				A5EB6CEA264AB3AE002DE7AE /* Sources */,
				A5EB6CEB264AB3AE002DE7AE /* Frameworks */,
				A5EB6CEC264AB3AE002DE7AE /* Resources */,
			);
			buildRules = (
			);
			dependencies = (
			);
			name = TestWeather;
			productName = TestWeather;
			productReference = A5EB6CEE264AB3AE002DE7AE /* TestWeather.app */;
			productType = "com.apple.product-type.application";
		};
		A5EB6CFE264AB3B1002DE7AE /* TestWeatherTests */ = {
			isa = PBXNativeTarget;
			buildConfigurationList = A5EB6D16264AB3B1002DE7AE /* Build configuration list for PBXNativeTarget "TestWeatherTests" */;
			buildPhases = (
				A5EB6CFB264AB3B1002DE7AE /* Sources */,
				A5EB6CFC264AB3B1002DE7AE /* Frameworks */,
				A5EB6CFD264AB3B1002DE7AE /* Resources */,
			);
			buildRules = (
			);
			dependencies = (
				A5EB6D01264AB3B1002DE7AE /* PBXTargetDependency */,
			);
			name = TestWeatherTests;
			productName = TestWeatherTests;
			productReference = A5EB6CFF264AB3B1002DE7AE /* TestWeatherTests.xctest */;
			productType = "com.apple.product-type.bundle.unit-test";
		};
		A5EB6D09264AB3B1002DE7AE /* TestWeatherUITests */ = {
			isa = PBXNativeTarget;
			buildConfigurationList = A5EB6D19264AB3B1002DE7AE /* Build configuration list for PBXNativeTarget "TestWeatherUITests" */;
			buildPhases = (
				A5EB6D06264AB3B1002DE7AE /* Sources */,
				A5EB6D07264AB3B1002DE7AE /* Frameworks */,
				A5EB6D08264AB3B1002DE7AE /* Resources */,
			);
			buildRules = (
			);
			dependencies = (
				A5EB6D0C264AB3B1002DE7AE /* PBXTargetDependency */,
			);
			name = TestWeatherUITests;
			productName = TestWeatherUITests;
			productReference = A5EB6D0A264AB3B1002DE7AE /* TestWeatherUITests.xctest */;
			productType = "com.apple.product-type.bundle.ui-testing";
		};
/* End PBXNativeTarget section */

/* Begin PBXProject section */
		A5EB6CE6264AB3AE002DE7AE /* Project object */ = {
			isa = PBXProject;
			attributes = {
				LastSwiftUpdateCheck = 1240;
				LastUpgradeCheck = 1240;
				TargetAttributes = {
					A5EB6CED264AB3AE002DE7AE = {
						CreatedOnToolsVersion = 12.4;
					};
					A5EB6CFE264AB3B1002DE7AE = {
						CreatedOnToolsVersion = 12.4;
						TestTargetID = A5EB6CED264AB3AE002DE7AE;
					};
					A5EB6D09264AB3B1002DE7AE = {
						CreatedOnToolsVersion = 12.4;
						TestTargetID = A5EB6CED264AB3AE002DE7AE;
					};
				};
			};
			buildConfigurationList = A5EB6CE9264AB3AE002DE7AE /* Build configuration list for PBXProject "TestWeather" */;
			compatibilityVersion = "Xcode 9.3";
			developmentRegion = en;
			hasScannedForEncodings = 0;
			knownRegions = (
				en,
				Base,
			);
			mainGroup = A5EB6CE5264AB3AE002DE7AE;
			productRefGroup = A5EB6CEF264AB3AE002DE7AE /* Products */;
			projectDirPath = "";
			projectRoot = "";
			targets = (
				A5EB6CED264AB3AE002DE7AE /* TestWeather */,
				A5EB6CFE264AB3B1002DE7AE /* TestWeatherTests */,
				A5EB6D09264AB3B1002DE7AE /* TestWeatherUITests */,
			);
		};
/* End PBXProject section */

/* Begin PBXResourcesBuildPhase section */
		A5EB6CEC264AB3AE002DE7AE /* Resources */ = {
			isa = PBXResourcesBuildPhase;
			buildActionMask = 2147483647;
			files = (
				A5EB6CF9264AB3B1002DE7AE /* Preview Assets.xcassets in Resources */,
				A5EB6CF6264AB3B1002DE7AE /* Assets.xcassets in Resources */,
			);
			runOnlyForDeploymentPostprocessing = 0;
		};
		A5EB6CFD264AB3B1002DE7AE /* Resources */ = {
			isa = PBXResourcesBuildPhase;
			buildActionMask = 2147483647;
			files = (
			);
			runOnlyForDeploymentPostprocessing = 0;
		};
		A5EB6D08264AB3B1002DE7AE /* Resources */ = {
			isa = PBXResourcesBuildPhase;
			buildActionMask = 2147483647;
			files = (
			);
			runOnlyForDeploymentPostprocessing = 0;
		};
/* End PBXResourcesBuildPhase section */

/* Begin PBXSourcesBuildPhase section */
		A5EB6CEA264AB3AE002DE7AE /* Sources */ = {
			isa = PBXSourcesBuildPhase;
			buildActionMask = 2147483647;
			files = (
				A5EB6CF4264AB3AE002DE7AE /* ContentView.swift in Sources */,
				A5EB6CF2264AB3AE002DE7AE /* TestWeatherApp.swift in Sources */,
			);
			runOnlyForDeploymentPostprocessing = 0;
		};
		A5EB6CFB264AB3B1002DE7AE /* Sources */ = {
			isa = PBXSourcesBuildPhase;
			buildActionMask = 2147483647;
			files = (
				A5EB6D04264AB3B1002DE7AE /* TestWeatherTests.swift in Sources */,
			);
			runOnlyForDeploymentPostprocessing = 0;
		};
		A5EB6D06264AB3B1002DE7AE /* Sources */ = {
			isa = PBXSourcesBuildPhase;
			buildActionMask = 2147483647;
			files = (
				A5EB6D0F264AB3B1002DE7AE /* TestWeatherUITests.swift in Sources */,
			);
			runOnlyForDeploymentPostprocessing = 0;
		};
/* End PBXSourcesBuildPhase section */

/* Begin PBXTargetDependency section */
		A5EB6D01264AB3B1002DE7AE /* PBXTargetDependency */ = {
			isa = PBXTargetDependency;
			target = A5EB6CED264AB3AE002DE7AE /* TestWeather */;
			targetProxy = A5EB6D00264AB3B1002DE7AE /* PBXContainerItemProxy */;
		};
		A5EB6D0C264AB3B1002DE7AE /* PBXTargetDependency */ = {
			isa = PBXTargetDependency;
			target = A5EB6CED264AB3AE002DE7AE /* TestWeather */;
			targetProxy = A5EB6D0B264AB3B1002DE7AE /* PBXContainerItemProxy */;
		};
/* End PBXTargetDependency section */

/* Begin XCBuildConfiguration section */
		A5EB6D11264AB3B1002DE7AE /* Debug */ = {
			isa = XCBuildConfiguration;
			buildSettings = {
				ALWAYS_SEARCH_USER_PATHS = NO;
				CLANG_ANALYZER_NONNULL = YES;
				CLANG_ANALYZER_NUMBER_OBJECT_CONVERSION = YES_AGGRESSIVE;
				CLANG_CXX_LANGUAGE_STANDARD = "gnu++14";
				CLANG_CXX_LIBRARY = "libc++";
				CLANG_ENABLE_MODULES = YES;
				CLANG_ENABLE_OBJC_ARC = YES;
				CLANG_ENABLE_OBJC_WEAK = YES;
				CLANG_WARN_BLOCK_CAPTURE_AUTORELEASING = YES;
				CLANG_WARN_BOOL_CONVERSION = YES;
				CLANG_WARN_COMMA = YES;
				CLANG_WARN_CONSTANT_CONVERSION = YES;
				CLANG_WARN_DEPRECATED_OBJC_IMPLEMENTATIONS = YES;
				CLANG_WARN_DIRECT_OBJC_ISA_USAGE = YES_ERROR;
				CLANG_WARN_DOCUMENTATION_COMMENTS = YES;
				CLANG_WARN_EMPTY_BODY = YES;
				CLANG_WARN_ENUM_CONVERSION = YES;
				CLANG_WARN_INFINITE_RECURSION = YES;
				CLANG_WARN_INT_CONVERSION = YES;
				CLANG_WARN_NON_LITERAL_NULL_CONVERSION = YES;
				CLANG_WARN_OBJC_IMPLICIT_RETAIN_SELF = YES;
				CLANG_WARN_OBJC_LITERAL_CONVERSION = YES;
				CLANG_WARN_OBJC_ROOT_CLASS = YES_ERROR;
				CLANG_WARN_QUOTED_INCLUDE_IN_FRAMEWORK_HEADER = YES;
				CLANG_WARN_RANGE_LOOP_ANALYSIS = YES;
				CLANG_WARN_STRICT_PROTOTYPES = YES;
				CLANG_WARN_SUSPICIOUS_MOVE = YES;
				CLANG_WARN_UNGUARDED_AVAILABILITY = YES_AGGRESSIVE;
				CLANG_WARN_UNREACHABLE_CODE = YES;
				CLANG_WARN__DUPLICATE_METHOD_MATCH = YES;
				COPY_PHASE_STRIP = NO;
				DEBUG_INFORMATION_FORMAT = dwarf;
				ENABLE_STRICT_OBJC_MSGSEND = YES;
				ENABLE_TESTABILITY = YES;
				GCC_C_LANGUAGE_STANDARD = gnu11;
				GCC_DYNAMIC_NO_PIC = NO;
				GCC_NO_COMMON_BLOCKS = YES;
				GCC_OPTIMIZATION_LEVEL = 0;
				GCC_PREPROCESSOR_DEFINITIONS = (
					"DEBUG=1",
					"$(inherited)",
				);
				GCC_WARN_64_TO_32_BIT_CONVERSION = YES;
				GCC_WARN_ABOUT_RETURN_TYPE = YES_ERROR;
				GCC_WARN_UNDECLARED_SELECTOR = YES;
				GCC_WARN_UNINITIALIZED_AUTOS = YES_AGGRESSIVE;
				GCC_WARN_UNUSED_FUNCTION = YES;
				GCC_WARN_UNUSED_VARIABLE = YES;
				IPHONEOS_DEPLOYMENT_TARGET = 14.4;
				MTL_ENABLE_DEBUG_INFO = INCLUDE_SOURCE;
				MTL_FAST_MATH = YES;
				ONLY_ACTIVE_ARCH = YES;
				SDKROOT = iphoneos;
				SWIFT_ACTIVE_COMPILATION_CONDITIONS = DEBUG;
				SWIFT_OPTIMIZATION_LEVEL = "-Onone";
			};
			name = Debug;
		};
		A5EB6D12264AB3B1002DE7AE /* Release */ = {
			isa = XCBuildConfiguration;
			buildSettings = {
				ALWAYS_SEARCH_USER_PATHS = NO;
				CLANG_ANALYZER_NONNULL = YES;
				CLANG_ANALYZER_NUMBER_OBJECT_CONVERSION = YES_AGGRESSIVE;
				CLANG_CXX_LANGUAGE_STANDARD = "gnu++14";
				CLANG_CXX_LIBRARY = "libc++";
				CLANG_ENABLE_MODULES = YES;
				CLANG_ENABLE_OBJC_ARC = YES;
				CLANG_ENABLE_OBJC_WEAK = YES;
				CLANG_WARN_BLOCK_CAPTURE_AUTORELEASING = YES;
				CLANG_WARN_BOOL_CONVERSION = YES;
				CLANG_WARN_COMMA = YES;
				CLANG_WARN_CONSTANT_CONVERSION = YES;
				CLANG_WARN_DEPRECATED_OBJC_IMPLEMENTATIONS = YES;
				CLANG_WARN_DIRECT_OBJC_ISA_USAGE = YES_ERROR;
				CLANG_WARN_DOCUMENTATION_COMMENTS = YES;
				CLANG_WARN_EMPTY_BODY = YES;
				CLANG_WARN_ENUM_CONVERSION = YES;
				CLANG_WARN_INFINITE_RECURSION = YES;
				CLANG_WARN_INT_CONVERSION = YES;
				CLANG_WARN_NON_LITERAL_NULL_CONVERSION = YES;
				CLANG_WARN_OBJC_IMPLICIT_RETAIN_SELF = YES;
				CLANG_WARN_OBJC_LITERAL_CONVERSION = YES;
				CLANG_WARN_OBJC_ROOT_CLASS = YES_ERROR;
				CLANG_WARN_QUOTED_INCLUDE_IN_FRAMEWORK_HEADER = YES;
				CLANG_WARN_RANGE_LOOP_ANALYSIS = YES;
				CLANG_WARN_STRICT_PROTOTYPES = YES;
				CLANG_WARN_SUSPICIOUS_MOVE = YES;
				CLANG_WARN_UNGUARDED_AVAILABILITY = YES_AGGRESSIVE;
				CLANG_WARN_UNREACHABLE_CODE = YES;
				CLANG_WARN__DUPLICATE_METHOD_MATCH = YES;
				COPY_PHASE_STRIP = NO;
				DEBUG_INFORMATION_FORMAT = "dwarf-with-dsym";
				ENABLE_NS_ASSERTIONS = NO;
				ENABLE_STRICT_OBJC_MSGSEND = YES;
				GCC_C_LANGUAGE_STANDARD = gnu11;
				GCC_NO_COMMON_BLOCKS = YES;
				GCC_WARN_64_TO_32_BIT_CONVERSION = YES;
				GCC_WARN_ABOUT_RETURN_TYPE = YES_ERROR;
				GCC_WARN_UNDECLARED_SELECTOR = YES;
				GCC_WARN_UNINITIALIZED_AUTOS = YES_AGGRESSIVE;
				GCC_WARN_UNUSED_FUNCTION = YES;
				GCC_WARN_UNUSED_VARIABLE = YES;
				IPHONEOS_DEPLOYMENT_TARGET = 14.4;
				MTL_ENABLE_DEBUG_INFO = NO;
				MTL_FAST_MATH = YES;
				SDKROOT = iphoneos;
				SWIFT_COMPILATION_MODE = wholemodule;
				SWIFT_OPTIMIZATION_LEVEL = "-O";
				VALIDATE_PRODUCT = YES;
			};
			name = Release;
		};
		A5EB6D14264AB3B1002DE7AE /* Debug */ = {
			isa = XCBuildConfiguration;
			buildSettings = {
				ASSETCATALOG_COMPILER_APPICON_NAME = AppIcon;
				ASSETCATALOG_COMPILER_GLOBAL_ACCENT_COLOR_NAME = AccentColor;
				CODE_SIGN_STYLE = Automatic;
				DEVELOPMENT_ASSET_PATHS = "\"TestWeather/Preview Content\"";
				DEVELOPMENT_TEAM = QGAQ3AY3R3;
				ENABLE_PREVIEWS = YES;
				INFOPLIST_FILE = TestWeather/Info.plist;
				IPHONEOS_DEPLOYMENT_TARGET = 14.0;
				LD_RUNPATH_SEARCH_PATHS = (
					"$(inherited)",
					"@executable_path/Frameworks",
				);
				PRODUCT_BUNDLE_IDENTIFIER = com.team.Ysoup.TestWeather;
				PRODUCT_NAME = "$(TARGET_NAME)";
				SWIFT_VERSION = 5.0;
				TARGETED_DEVICE_FAMILY = "1,2";
			};
			name = Debug;
		};
		A5EB6D15264AB3B1002DE7AE /* Release */ = {
			isa = XCBuildConfiguration;
			buildSettings = {
				ASSETCATALOG_COMPILER_APPICON_NAME = AppIcon;
				ASSETCATALOG_COMPILER_GLOBAL_ACCENT_COLOR_NAME = AccentColor;
				CODE_SIGN_STYLE = Automatic;
				DEVELOPMENT_ASSET_PATHS = "\"TestWeather/Preview Content\"";
				DEVELOPMENT_TEAM = QGAQ3AY3R3;
				ENABLE_PREVIEWS = YES;
				INFOPLIST_FILE = TestWeather/Info.plist;
				IPHONEOS_DEPLOYMENT_TARGET = 14.0;
				LD_RUNPATH_SEARCH_PATHS = (
					"$(inherited)",
					"@executable_path/Frameworks",
				);
				PRODUCT_BUNDLE_IDENTIFIER = com.team.Ysoup.TestWeather;
				PRODUCT_NAME = "$(TARGET_NAME)";
				SWIFT_VERSION = 5.0;
				TARGETED_DEVICE_FAMILY = "1,2";
			};
			name = Release;
		};
		A5EB6D17264AB3B1002DE7AE /* Debug */ = {
			isa = XCBuildConfiguration;
			buildSettings = {
				ALWAYS_EMBED_SWIFT_STANDARD_LIBRARIES = YES;
				BUNDLE_LOADER = "$(TEST_HOST)";
				CODE_SIGN_STYLE = Automatic;
				DEVELOPMENT_TEAM = QGAQ3AY3R3;
				INFOPLIST_FILE = TestWeatherTests/Info.plist;
				IPHONEOS_DEPLOYMENT_TARGET = 14.0;
				LD_RUNPATH_SEARCH_PATHS = (
					"$(inherited)",
					"@executable_path/Frameworks",
					"@loader_path/Frameworks",
				);
				PRODUCT_BUNDLE_IDENTIFIER = com.team.Ysoup.TestWeatherTests;
				PRODUCT_NAME = "$(TARGET_NAME)";
				SWIFT_VERSION = 5.0;
				TARGETED_DEVICE_FAMILY = "1,2";
				TEST_HOST = "$(BUILT_PRODUCTS_DIR)/TestWeather.app/TestWeather";
			};
			name = Debug;
		};
		A5EB6D18264AB3B1002DE7AE /* Release */ = {
			isa = XCBuildConfiguration;
			buildSettings = {
				ALWAYS_EMBED_SWIFT_STANDARD_LIBRARIES = YES;
				BUNDLE_LOADER = "$(TEST_HOST)";
				CODE_SIGN_STYLE = Automatic;
				DEVELOPMENT_TEAM = QGAQ3AY3R3;
				INFOPLIST_FILE = TestWeatherTests/Info.plist;
				IPHONEOS_DEPLOYMENT_TARGET = 14.0;
				LD_RUNPATH_SEARCH_PATHS = (
					"$(inherited)",
					"@executable_path/Frameworks",
					"@loader_path/Frameworks",
				);
				PRODUCT_BUNDLE_IDENTIFIER = com.team.Ysoup.TestWeatherTests;
				PRODUCT_NAME = "$(TARGET_NAME)";
				SWIFT_VERSION = 5.0;
				TARGETED_DEVICE_FAMILY = "1,2";
				TEST_HOST = "$(BUILT_PRODUCTS_DIR)/TestWeather.app/TestWeather";
			};
			name = Release;
		};
		A5EB6D1A264AB3B1002DE7AE /* Debug */ = {
			isa = XCBuildConfiguration;
			buildSettings = {
				ALWAYS_EMBED_SWIFT_STANDARD_LIBRARIES = YES;
				CODE_SIGN_STYLE = Automatic;
				DEVELOPMENT_TEAM = QGAQ3AY3R3;
				INFOPLIST_FILE = TestWeatherUITests/Info.plist;
				LD_RUNPATH_SEARCH_PATHS = (
					"$(inherited)",
					"@executable_path/Frameworks",
					"@loader_path/Frameworks",
				);
				PRODUCT_BUNDLE_IDENTIFIER = com.team.Ysoup.TestWeatherUITests;
				PRODUCT_NAME = "$(TARGET_NAME)";
				SWIFT_VERSION = 5.0;
				TARGETED_DEVICE_FAMILY = "1,2";
				TEST_TARGET_NAME = TestWeather;
			};
			name = Debug;
		};
		A5EB6D1B264AB3B1002DE7AE /* Release */ = {
			isa = XCBuildConfiguration;
			buildSettings = {
				ALWAYS_EMBED_SWIFT_STANDARD_LIBRARIES = YES;
				CODE_SIGN_STYLE = Automatic;
				DEVELOPMENT_TEAM = QGAQ3AY3R3;
				INFOPLIST_FILE = TestWeatherUITests/Info.plist;
				LD_RUNPATH_SEARCH_PATHS = (
					"$(inherited)",
					"@executable_path/Frameworks",
					"@loader_path/Frameworks",
				);
				PRODUCT_BUNDLE_IDENTIFIER = com.team.Ysoup.TestWeatherUITests;
				PRODUCT_NAME = "$(TARGET_NAME)";
				SWIFT_VERSION = 5.0;
				TARGETED_DEVICE_FAMILY = "1,2";
				TEST_TARGET_NAME = TestWeather;
			};
			name = Release;
		};
/* End XCBuildConfiguration section */

/* Begin XCConfigurationList section */
		A5EB6CE9264AB3AE002DE7AE /* Build configuration list for PBXProject "TestWeather" */ = {
			isa = XCConfigurationList;
			buildConfigurations = (
				A5EB6D11264AB3B1002DE7AE /* Debug */,
				A5EB6D12264AB3B1002DE7AE /* Release */,
			);
			defaultConfigurationIsVisible = 0;
			defaultConfigurationName = Release;
		};
		A5EB6D13264AB3B1002DE7AE /* Build configuration list for PBXNativeTarget "TestWeather" */ = {
			isa = XCConfigurationList;
			buildConfigurations = (
				A5EB6D14264AB3B1002DE7AE /* Debug */,
				A5EB6D15264AB3B1002DE7AE /* Release */,
			);
			defaultConfigurationIsVisible = 0;
			defaultConfigurationName = Release;
		};
		A5EB6D16264AB3B1002DE7AE /* Build configuration list for PBXNativeTarget "TestWeatherTests" */ = {
			isa = XCConfigurationList;
			buildConfigurations = (
				A5EB6D17264AB3B1002DE7AE /* Debug */,
				A5EB6D18264AB3B1002DE7AE /* Release */,
			);
			defaultConfigurationIsVisible = 0;
			defaultConfigurationName = Release;
		};
		A5EB6D19264AB3B1002DE7AE /* Build configuration list for PBXNativeTarget "TestWeatherUITests" */ = {
			isa = XCConfigurationList;
			buildConfigurations = (
				A5EB6D1A264AB3B1002DE7AE /* Debug */,
				A5EB6D1B264AB3B1002DE7AE /* Release */,
			);
			defaultConfigurationIsVisible = 0;
			defaultConfigurationName = Release;
		};
/* End XCConfigurationList section */
	};
	rootObject = A5EB6CE6264AB3AE002DE7AE /* Project object */;
}
